
Microsoft Visual Studio Solution File, Format Version 12.00
# Visual Studio Version 17
VisualStudioVersion = 17.6.33723.286
MinimumVisualStudioVersion = 10.0.40219.1
Project("{FAE04EC0-301F-11D3-BF4B-00C04F79EFBC}") = "SimulationGame", "SimulationGame\SimulationGame.csproj", "{D6058C76-C2F7-48CB-A2A2-3AA4484609F8}"
EndProject
Global
	GlobalSection(SolutionConfigurationPlatforms) = preSolution
		Debug|Any CPU = Debug|Any CPU
		Release|Any CPU = Release|Any CPU
	EndGlobalSection
	GlobalSection(ProjectConfigurationPlatforms) = postSolution
		{D6058C76-C2F7-48CB-A2A2-3AA4484609F8}.Debug|Any CPU.ActiveCfg = Debug|Any CPU
		{D6058C76-C2F7-48CB-A2A2-3AA4484609F8}.Debug|Any CPU.Build.0 = Debug|Any CPU
		{D6058C76-C2F7-48CB-A2A2-3AA4484609F8}.Release|Any CPU.ActiveCfg = Release|Any CPU
		{D6058C76-C2F7-48CB-A2A2-3AA4484609F8}.Release|Any CPU.Build.0 = Release|Any CPU
	EndGlobalSection
	GlobalSection(SolutionProperties) = preSolution
		HideSolutionNode = FALSE
	EndGlobalSection
	GlobalSection(ExtensibilityGlobals) = postSolution
		SolutionGuid = {0751913D-0BD1-4468-9DD8-A2D8852564DB}
	EndGlobalSection
EndGlobal
